
Microsoft Visual Studio Solution File, Format Version 12.00
# Visual Studio 15
Project("{FAE04EC0-301F-11D3-BF4B-00C04F79EFBC}") = "Assembly-CSharp", "Assembly-CSharp.csproj", "{9DFD065A-8B6A-6173-7E5A-45EBC779A579}"
EndProject
Project("{FAE04EC0-301F-11D3-BF4B-00C04F79EFBC}") = "Assembly-CSharp-Editor", "Assembly-CSharp-Editor.csproj", "{B3B93F94-CBCD-4B60-C0C4-BF2B03293CAE}"
EndProject
Global
	GlobalSection(SolutionConfigurationPlatforms) = preSolution
		Debug|Any CPU = Debug|Any CPU
		Release|Any CPU = Release|Any CPU
	EndGlobalSection
	GlobalSection(ProjectConfigurationPlatforms) = postSolution
		{9DFD065A-8B6A-6173-7E5A-45EBC779A579}.Debug|Any CPU.ActiveCfg = Debug|Any CPU
		{9DFD065A-8B6A-6173-7E5A-45EBC779A579}.Debug|Any CPU.Build.0 = Debug|Any CPU
		{9DFD065A-8B6A-6173-7E5A-45EBC779A579}.Release|Any CPU.ActiveCfg = Release|Any CPU
		{9DFD065A-8B6A-6173-7E5A-45EBC779A579}.Release|Any CPU.Build.0 = Release|Any CPU
		{B3B93F94-CBCD-4B60-C0C4-BF2B03293CAE}.Debug|Any CPU.ActiveCfg = Debug|Any CPU
		{B3B93F94-CBCD-4B60-C0C4-BF2B03293CAE}.Debug|Any CPU.Build.0 = Debug|Any CPU
		{B3B93F94-CBCD-4B60-C0C4-BF2B03293CAE}.Release|Any CPU.ActiveCfg = Release|Any CPU
		{B3B93F94-CBCD-4B60-C0C4-BF2B03293CAE}.Release|Any CPU.Build.0 = Release|Any CPU
	EndGlobalSection
	GlobalSection(SolutionProperties) = preSolution
		HideSolutionNode = FALSE
	EndGlobalSection
EndGlobal
